// !$*UTF8*$!
{
	archiveVersion = 1;
	classes = {
	};
	objectVersion = 51;
	objects = {

/* Begin PBXBuildFile section */
		050E57B3B5BFB543C06F1D35 /* Pods_MyWeatherAppTests.framework in Frameworks */ = {isa = PBXBuildFile; fileRef = 2D596A5A6E444B0BBA4D37C3 /* Pods_MyWeatherAppTests.framework */; };
		35B155933E9119F75FFAE6BF /* Pods_MyWeatherApp_MyWeatherAppUITests.framework in Frameworks */ = {isa = PBXBuildFile; fileRef = ED2033451E47CB663B3AF02A /* Pods_MyWeatherApp_MyWeatherAppUITests.framework */; };
		9A3293AD240FCEE900D75CD3 /* AppDelegate.m in Sources */ = {isa = PBXBuildFile; fileRef = 9A3293AC240FCEE900D75CD3 /* AppDelegate.m */; };
		9A3293B0240FCEE900D75CD3 /* SceneDelegate.m in Sources */ = {isa = PBXBuildFile; fileRef = 9A3293AF240FCEE900D75CD3 /* SceneDelegate.m */; };
		9A3293B3240FCEE900D75CD3 /* ViewController.m in Sources */ = {isa = PBXBuildFile; fileRef = 9A3293B2240FCEE900D75CD3 /* ViewController.m */; };
		9A3293B6240FCEEA00D75CD3 /* Main.storyboard in Resources */ = {isa = PBXBuildFile; fileRef = 9A3293B4240FCEEA00D75CD3 /* Main.storyboard */; };
		9A3293B8240FCF0200D75CD3 /* Assets.xcassets in Resources */ = {isa = PBXBuildFile; fileRef = 9A3293B7240FCF0200D75CD3 /* Assets.xcassets */; };
		9A3293BB240FCF0200D75CD3 /* LaunchScreen.storyboard in Resources */ = {isa = PBXBuildFile; fileRef = 9A3293B9240FCF0200D75CD3 /* LaunchScreen.storyboard */; };
		9A3293BE240FCF0200D75CD3 /* main.m in Sources */ = {isa = PBXBuildFile; fileRef = 9A3293BD240FCF0200D75CD3 /* main.m */; };
		9A3293C8240FCF0400D75CD3 /* MyWeatherAppTests.m in Sources */ = {isa = PBXBuildFile; fileRef = 9A3293C7240FCF0400D75CD3 /* MyWeatherAppTests.m */; };
		9A3293D3240FCF0400D75CD3 /* MyWeatherAppUITests.m in Sources */ = {isa = PBXBuildFile; fileRef = 9A3293D2240FCF0400D75CD3 /* MyWeatherAppUITests.m */; };
		9A436A9924114B09001A8E08 /* AppIcon.appiconset in Resources */ = {isa = PBXBuildFile; fileRef = 9A436A9824114B09001A8E08 /* AppIcon.appiconset */; };
		9A45B36624119A22007481E2 /* ForecastTableViewController.m in Sources */ = {isa = PBXBuildFile; fileRef = 9A45B36524119A22007481E2 /* ForecastTableViewController.m */; };
		9A92AF122412818D008BE041 /* APIManager.m in Sources */ = {isa = PBXBuildFile; fileRef = 9A92AF112412818D008BE041 /* APIManager.m */; };
		9A92AF1624129616008BE041 /* CurrentWeatherModel.m in Sources */ = {isa = PBXBuildFile; fileRef = 9A92AF1524129616008BE041 /* CurrentWeatherModel.m */; };
		C015FB7524180EB900BE97CF /* SearchResultsTableViewController.m in Sources */ = {isa = PBXBuildFile; fileRef = C015FB7424180EB900BE97CF /* SearchResultsTableViewController.m */; };
		C015FB782418247D00BE97CF /* CitiesUISearchViewController.m in Sources */ = {isa = PBXBuildFile; fileRef = C015FB772418247D00BE97CF /* CitiesUISearchViewController.m */; };
		DB7175CFEBE77032986090E6 /* Pods_MyWeatherApp.framework in Frameworks */ = {isa = PBXBuildFile; fileRef = 5474FE3E7A6442C432672FBE /* Pods_MyWeatherApp.framework */; };
/* End PBXBuildFile section */

/* Begin PBXContainerItemProxy section */
		9A3293C4240FCF0400D75CD3 /* PBXContainerItemProxy */ = {
			isa = PBXContainerItemProxy;
			containerPortal = 9A3293A0240FCEE800D75CD3 /* Project object */;
			proxyType = 1;
			remoteGlobalIDString = 9A3293A7240FCEE900D75CD3;
			remoteInfo = MyWeatherApp;
		};
		9A3293CF240FCF0400D75CD3 /* PBXContainerItemProxy */ = {
			isa = PBXContainerItemProxy;
			containerPortal = 9A3293A0240FCEE800D75CD3 /* Project object */;
			proxyType = 1;
			remoteGlobalIDString = 9A3293A7240FCEE900D75CD3;
			remoteInfo = MyWeatherApp;
		};
/* End PBXContainerItemProxy section */

/* Begin PBXFileReference section */
		00D95C2E7D796AC2FDB0C5D2 /* Pods-MyWeatherApp.debug.xcconfig */ = {isa = PBXFileReference; includeInIndex = 1; lastKnownFileType = text.xcconfig; name = "Pods-MyWeatherApp.debug.xcconfig"; path = "Target Support Files/Pods-MyWeatherApp/Pods-MyWeatherApp.debug.xcconfig"; sourceTree = "<group>"; };
		12680DFE507C226F88A1A120 /* Pods-MyWeatherApp-MyWeatherAppUITests.release.xcconfig */ = {isa = PBXFileReference; includeInIndex = 1; lastKnownFileType = text.xcconfig; name = "Pods-MyWeatherApp-MyWeatherAppUITests.release.xcconfig"; path = "Target Support Files/Pods-MyWeatherApp-MyWeatherAppUITests/Pods-MyWeatherApp-MyWeatherAppUITests.release.xcconfig"; sourceTree = "<group>"; };
		2D596A5A6E444B0BBA4D37C3 /* Pods_MyWeatherAppTests.framework */ = {isa = PBXFileReference; explicitFileType = wrapper.framework; includeInIndex = 0; path = Pods_MyWeatherAppTests.framework; sourceTree = BUILT_PRODUCTS_DIR; };
		2FC8F3B477C2EF03F832BD54 /* Pods-MyWeatherAppTests.release.xcconfig */ = {isa = PBXFileReference; includeInIndex = 1; lastKnownFileType = text.xcconfig; name = "Pods-MyWeatherAppTests.release.xcconfig"; path = "Target Support Files/Pods-MyWeatherAppTests/Pods-MyWeatherAppTests.release.xcconfig"; sourceTree = "<group>"; };
		5474FE3E7A6442C432672FBE /* Pods_MyWeatherApp.framework */ = {isa = PBXFileReference; explicitFileType = wrapper.framework; includeInIndex = 0; path = Pods_MyWeatherApp.framework; sourceTree = BUILT_PRODUCTS_DIR; };
		5FD7B8DB9C031A5D76A35623 /* Pods-MyWeatherApp-MyWeatherAppUITests.debug.xcconfig */ = {isa = PBXFileReference; includeInIndex = 1; lastKnownFileType = text.xcconfig; name = "Pods-MyWeatherApp-MyWeatherAppUITests.debug.xcconfig"; path = "Target Support Files/Pods-MyWeatherApp-MyWeatherAppUITests/Pods-MyWeatherApp-MyWeatherAppUITests.debug.xcconfig"; sourceTree = "<group>"; };
		8C2BC0A599744CE6A749C9F0 /* Pods-MyWeatherApp.release.xcconfig */ = {isa = PBXFileReference; includeInIndex = 1; lastKnownFileType = text.xcconfig; name = "Pods-MyWeatherApp.release.xcconfig"; path = "Target Support Files/Pods-MyWeatherApp/Pods-MyWeatherApp.release.xcconfig"; sourceTree = "<group>"; };
		9A3293A8240FCEE900D75CD3 /* MyWeatherApp.app */ = {isa = PBXFileReference; explicitFileType = wrapper.application; includeInIndex = 0; path = MyWeatherApp.app; sourceTree = BUILT_PRODUCTS_DIR; };
		9A3293AB240FCEE900D75CD3 /* AppDelegate.h */ = {isa = PBXFileReference; lastKnownFileType = sourcecode.c.h; path = AppDelegate.h; sourceTree = "<group>"; };
		9A3293AC240FCEE900D75CD3 /* AppDelegate.m */ = {isa = PBXFileReference; lastKnownFileType = sourcecode.c.objc; path = AppDelegate.m; sourceTree = "<group>"; };
		9A3293AE240FCEE900D75CD3 /* SceneDelegate.h */ = {isa = PBXFileReference; lastKnownFileType = sourcecode.c.h; path = SceneDelegate.h; sourceTree = "<group>"; };
		9A3293AF240FCEE900D75CD3 /* SceneDelegate.m */ = {isa = PBXFileReference; lastKnownFileType = sourcecode.c.objc; path = SceneDelegate.m; sourceTree = "<group>"; };
		9A3293B1240FCEE900D75CD3 /* ViewController.h */ = {isa = PBXFileReference; lastKnownFileType = sourcecode.c.h; path = ViewController.h; sourceTree = "<group>"; };
		9A3293B2240FCEE900D75CD3 /* ViewController.m */ = {isa = PBXFileReference; lastKnownFileType = sourcecode.c.objc; path = ViewController.m; sourceTree = "<group>"; };
		9A3293B5240FCEEA00D75CD3 /* Base */ = {isa = PBXFileReference; lastKnownFileType = file.storyboard; name = Base; path = Base.lproj/Main.storyboard; sourceTree = "<group>"; };
		9A3293B7240FCF0200D75CD3 /* Assets.xcassets */ = {isa = PBXFileReference; lastKnownFileType = folder.assetcatalog; path = Assets.xcassets; sourceTree = "<group>"; };
		9A3293BA240FCF0200D75CD3 /* Base */ = {isa = PBXFileReference; lastKnownFileType = file.storyboard; name = Base; path = Base.lproj/LaunchScreen.storyboard; sourceTree = "<group>"; };
		9A3293BC240FCF0200D75CD3 /* Info.plist */ = {isa = PBXFileReference; lastKnownFileType = text.plist.xml; path = Info.plist; sourceTree = "<group>"; };
		9A3293BD240FCF0200D75CD3 /* main.m */ = {isa = PBXFileReference; lastKnownFileType = sourcecode.c.objc; path = main.m; sourceTree = "<group>"; };
		9A3293C3240FCF0400D75CD3 /* MyWeatherAppTests.xctest */ = {isa = PBXFileReference; explicitFileType = wrapper.cfbundle; includeInIndex = 0; path = MyWeatherAppTests.xctest; sourceTree = BUILT_PRODUCTS_DIR; };
		9A3293C7240FCF0400D75CD3 /* MyWeatherAppTests.m */ = {isa = PBXFileReference; lastKnownFileType = sourcecode.c.objc; path = MyWeatherAppTests.m; sourceTree = "<group>"; };
		9A3293C9240FCF0400D75CD3 /* Info.plist */ = {isa = PBXFileReference; lastKnownFileType = text.plist.xml; path = Info.plist; sourceTree = "<group>"; };
		9A3293CE240FCF0400D75CD3 /* MyWeatherAppUITests.xctest */ = {isa = PBXFileReference; explicitFileType = wrapper.cfbundle; includeInIndex = 0; path = MyWeatherAppUITests.xctest; sourceTree = BUILT_PRODUCTS_DIR; };
		9A3293D2240FCF0400D75CD3 /* MyWeatherAppUITests.m */ = {isa = PBXFileReference; lastKnownFileType = sourcecode.c.objc; path = MyWeatherAppUITests.m; sourceTree = "<group>"; };
		9A3293D4240FCF0400D75CD3 /* Info.plist */ = {isa = PBXFileReference; lastKnownFileType = text.plist.xml; path = Info.plist; sourceTree = "<group>"; };
		9A436A9824114B09001A8E08 /* AppIcon.appiconset */ = {isa = PBXFileReference; lastKnownFileType = folder; path = AppIcon.appiconset; sourceTree = "<group>"; };
		9A45B36424119A22007481E2 /* ForecastTableViewController.h */ = {isa = PBXFileReference; lastKnownFileType = sourcecode.c.h; path = ForecastTableViewController.h; sourceTree = "<group>"; };
		9A45B36524119A22007481E2 /* ForecastTableViewController.m */ = {isa = PBXFileReference; lastKnownFileType = sourcecode.c.objc; path = ForecastTableViewController.m; sourceTree = "<group>"; };
		9A92AF102412818D008BE041 /* APIManager.h */ = {isa = PBXFileReference; lastKnownFileType = sourcecode.c.h; path = APIManager.h; sourceTree = "<group>"; };
		9A92AF112412818D008BE041 /* APIManager.m */ = {isa = PBXFileReference; lastKnownFileType = sourcecode.c.objc; path = APIManager.m; sourceTree = "<group>"; };
		9A92AF1424129616008BE041 /* CurrentWeatherModel.h */ = {isa = PBXFileReference; lastKnownFileType = sourcecode.c.h; path = CurrentWeatherModel.h; sourceTree = "<group>"; };
		9A92AF1524129616008BE041 /* CurrentWeatherModel.m */ = {isa = PBXFileReference; lastKnownFileType = sourcecode.c.objc; path = CurrentWeatherModel.m; sourceTree = "<group>"; };
		B717190E61B070CC68C7D8B2 /* Pods-MyWeatherAppTests.debug.xcconfig */ = {isa = PBXFileReference; includeInIndex = 1; lastKnownFileType = text.xcconfig; name = "Pods-MyWeatherAppTests.debug.xcconfig"; path = "Target Support Files/Pods-MyWeatherAppTests/Pods-MyWeatherAppTests.debug.xcconfig"; sourceTree = "<group>"; };
		C015FB7324180EB900BE97CF /* SearchResultsTableViewController.h */ = {isa = PBXFileReference; lastKnownFileType = sourcecode.c.h; path = SearchResultsTableViewController.h; sourceTree = "<group>"; };
		C015FB7424180EB900BE97CF /* SearchResultsTableViewController.m */ = {isa = PBXFileReference; lastKnownFileType = sourcecode.c.objc; path = SearchResultsTableViewController.m; sourceTree = "<group>"; };
		C015FB762418247D00BE97CF /* CitiesUISearchViewController.h */ = {isa = PBXFileReference; lastKnownFileType = sourcecode.c.h; path = CitiesUISearchViewController.h; sourceTree = "<group>"; };
		C015FB772418247D00BE97CF /* CitiesUISearchViewController.m */ = {isa = PBXFileReference; lastKnownFileType = sourcecode.c.objc; path = CitiesUISearchViewController.m; sourceTree = "<group>"; };
		ED2033451E47CB663B3AF02A /* Pods_MyWeatherApp_MyWeatherAppUITests.framework */ = {isa = PBXFileReference; explicitFileType = wrapper.framework; includeInIndex = 0; path = Pods_MyWeatherApp_MyWeatherAppUITests.framework; sourceTree = BUILT_PRODUCTS_DIR; };
/* End PBXFileReference section */

/* Begin PBXFrameworksBuildPhase section */
		9A3293A5240FCEE900D75CD3 /* Frameworks */ = {
			isa = PBXFrameworksBuildPhase;
			buildActionMask = 2147483647;
			files = (
				DB7175CFEBE77032986090E6 /* Pods_MyWeatherApp.framework in Frameworks */,
			);
			runOnlyForDeploymentPostprocessing = 0;
		};
		9A3293C0240FCF0400D75CD3 /* Frameworks */ = {
			isa = PBXFrameworksBuildPhase;
			buildActionMask = 2147483647;
			files = (
				050E57B3B5BFB543C06F1D35 /* Pods_MyWeatherAppTests.framework in Frameworks */,
			);
			runOnlyForDeploymentPostprocessing = 0;
		};
		9A3293CB240FCF0400D75CD3 /* Frameworks */ = {
			isa = PBXFrameworksBuildPhase;
			buildActionMask = 2147483647;
			files = (
				35B155933E9119F75FFAE6BF /* Pods_MyWeatherApp_MyWeatherAppUITests.framework in Frameworks */,
			);
			runOnlyForDeploymentPostprocessing = 0;
		};
/* End PBXFrameworksBuildPhase section */

/* Begin PBXGroup section */
		2869A872FE258CFBACE86FD0 /* Pods */ = {
			isa = PBXGroup;
			children = (
				00D95C2E7D796AC2FDB0C5D2 /* Pods-MyWeatherApp.debug.xcconfig */,
				8C2BC0A599744CE6A749C9F0 /* Pods-MyWeatherApp.release.xcconfig */,
				5FD7B8DB9C031A5D76A35623 /* Pods-MyWeatherApp-MyWeatherAppUITests.debug.xcconfig */,
				12680DFE507C226F88A1A120 /* Pods-MyWeatherApp-MyWeatherAppUITests.release.xcconfig */,
				B717190E61B070CC68C7D8B2 /* Pods-MyWeatherAppTests.debug.xcconfig */,
				2FC8F3B477C2EF03F832BD54 /* Pods-MyWeatherAppTests.release.xcconfig */,
			);
			path = Pods;
			sourceTree = "<group>";
		};
		8673E9CE513275E650F94CC7 /* Frameworks */ = {
			isa = PBXGroup;
			children = (
				5474FE3E7A6442C432672FBE /* Pods_MyWeatherApp.framework */,
				ED2033451E47CB663B3AF02A /* Pods_MyWeatherApp_MyWeatherAppUITests.framework */,
				2D596A5A6E444B0BBA4D37C3 /* Pods_MyWeatherAppTests.framework */,
			);
			name = Frameworks;
			sourceTree = "<group>";
		};
		9A32939F240FCEE800D75CD3 = {
			isa = PBXGroup;
			children = (
				9A3293AA240FCEE900D75CD3 /* MyWeatherApp */,
				9A3293C6240FCF0400D75CD3 /* MyWeatherAppTests */,
				9A3293D1240FCF0400D75CD3 /* MyWeatherAppUITests */,
				9A3293A9240FCEE900D75CD3 /* Products */,
				2869A872FE258CFBACE86FD0 /* Pods */,
				8673E9CE513275E650F94CC7 /* Frameworks */,
			);
			sourceTree = "<group>";
		};
		9A3293A9240FCEE900D75CD3 /* Products */ = {
			isa = PBXGroup;
			children = (
				9A3293A8240FCEE900D75CD3 /* MyWeatherApp.app */,
				9A3293C3240FCF0400D75CD3 /* MyWeatherAppTests.xctest */,
				9A3293CE240FCF0400D75CD3 /* MyWeatherAppUITests.xctest */,
			);
			name = Products;
			sourceTree = "<group>";
		};
		9A3293AA240FCEE900D75CD3 /* MyWeatherApp */ = {
			isa = PBXGroup;
			children = (
				9A92AF13241293F1008BE041 /* Models */,
				9A92AF0F24127A5D008BE041 /* Assets */,
				9A92AF0E24127A45008BE041 /* Storyboards */,
				9A92AF0D24127A23008BE041 /* VIewAndControllers */,
				9A3293AB240FCEE900D75CD3 /* AppDelegate.h */,
				9A3293AC240FCEE900D75CD3 /* AppDelegate.m */,
				9A3293BC240FCF0200D75CD3 /* Info.plist */,
				9A3293BD240FCF0200D75CD3 /* main.m */,
				9A92AF102412818D008BE041 /* APIManager.h */,
				9A92AF112412818D008BE041 /* APIManager.m */,
			);
			path = MyWeatherApp;
			sourceTree = "<group>";
		};
		9A3293C6240FCF0400D75CD3 /* MyWeatherAppTests */ = {
			isa = PBXGroup;
			children = (
				9A3293C7240FCF0400D75CD3 /* MyWeatherAppTests.m */,
				9A3293C9240FCF0400D75CD3 /* Info.plist */,
			);
			path = MyWeatherAppTests;
			sourceTree = "<group>";
		};
		9A3293D1240FCF0400D75CD3 /* MyWeatherAppUITests */ = {
			isa = PBXGroup;
			children = (
				9A3293D2240FCF0400D75CD3 /* MyWeatherAppUITests.m */,
				9A3293D4240FCF0400D75CD3 /* Info.plist */,
			);
			path = MyWeatherAppUITests;
			sourceTree = "<group>";
		};
		9A92AF0D24127A23008BE041 /* VIewAndControllers */ = {
			isa = PBXGroup;
			children = (
				9A3293AE240FCEE900D75CD3 /* SceneDelegate.h */,
				9A3293AF240FCEE900D75CD3 /* SceneDelegate.m */,
				9A3293B1240FCEE900D75CD3 /* ViewController.h */,
				9A3293B2240FCEE900D75CD3 /* ViewController.m */,
				9A45B36424119A22007481E2 /* ForecastTableViewController.h */,
				9A45B36524119A22007481E2 /* ForecastTableViewController.m */,
				C015FB7324180EB900BE97CF /* SearchResultsTableViewController.h */,
				C015FB7424180EB900BE97CF /* SearchResultsTableViewController.m */,
				C015FB762418247D00BE97CF /* CitiesUISearchViewController.h */,
				C015FB772418247D00BE97CF /* CitiesUISearchViewController.m */,
			);
			path = VIewAndControllers;
			sourceTree = "<group>";
		};
		9A92AF0E24127A45008BE041 /* Storyboards */ = {
			isa = PBXGroup;
			children = (
				9A3293B4240FCEEA00D75CD3 /* Main.storyboard */,
				9A3293B9240FCF0200D75CD3 /* LaunchScreen.storyboard */,
			);
			path = Storyboards;
			sourceTree = "<group>";
		};
		9A92AF0F24127A5D008BE041 /* Assets */ = {
			isa = PBXGroup;
			children = (
				9A3293B7240FCF0200D75CD3 /* Assets.xcassets */,
				9A436A9824114B09001A8E08 /* AppIcon.appiconset */,
			);
			path = Assets;
			sourceTree = "<group>";
		};
		9A92AF13241293F1008BE041 /* Models */ = {
			isa = PBXGroup;
			children = (
				9A92AF1424129616008BE041 /* CurrentWeatherModel.h */,
				9A92AF1524129616008BE041 /* CurrentWeatherModel.m */,
			);
			path = Models;
			sourceTree = "<group>";
		};
/* End PBXGroup section */

/* Begin PBXNativeTarget section */
		9A3293A7240FCEE900D75CD3 /* MyWeatherApp */ = {
			isa = PBXNativeTarget;
			buildConfigurationList = 9A3293D7240FCF0400D75CD3 /* Build configuration list for PBXNativeTarget "MyWeatherApp" */;
			buildPhases = (
				B992617A9C7939C614CD8A54 /* [CP] Check Pods Manifest.lock */,
				9A3293A4240FCEE900D75CD3 /* Sources */,
				9A3293A5240FCEE900D75CD3 /* Frameworks */,
				9A3293A6240FCEE900D75CD3 /* Resources */,
				EC2BC21B4E01E2F98D22436E /* [CP] Embed Pods Frameworks */,
			);
			buildRules = (
			);
			dependencies = (
			);
			name = MyWeatherApp;
			productName = MyWeatherApp;
			productReference = 9A3293A8240FCEE900D75CD3 /* MyWeatherApp.app */;
			productType = "com.apple.product-type.application";
		};
		9A3293C2240FCF0400D75CD3 /* MyWeatherAppTests */ = {
			isa = PBXNativeTarget;
			buildConfigurationList = 9A3293DA240FCF0400D75CD3 /* Build configuration list for PBXNativeTarget "MyWeatherAppTests" */;
			buildPhases = (
				10DA19C89E8426756C81964C /* [CP] Check Pods Manifest.lock */,
				9A3293BF240FCF0400D75CD3 /* Sources */,
				9A3293C0240FCF0400D75CD3 /* Frameworks */,
				9A3293C1240FCF0400D75CD3 /* Resources */,
			);
			buildRules = (
			);
			dependencies = (
				9A3293C5240FCF0400D75CD3 /* PBXTargetDependency */,
			);
			name = MyWeatherAppTests;
			productName = MyWeatherAppTests;
			productReference = 9A3293C3240FCF0400D75CD3 /* MyWeatherAppTests.xctest */;
			productType = "com.apple.product-type.bundle.unit-test";
		};
		9A3293CD240FCF0400D75CD3 /* MyWeatherAppUITests */ = {
			isa = PBXNativeTarget;
			buildConfigurationList = 9A3293DD240FCF0400D75CD3 /* Build configuration list for PBXNativeTarget "MyWeatherAppUITests" */;
			buildPhases = (
				F250D724A3AB17C013B7B8D1 /* [CP] Check Pods Manifest.lock */,
				9A3293CA240FCF0400D75CD3 /* Sources */,
				9A3293CB240FCF0400D75CD3 /* Frameworks */,
				9A3293CC240FCF0400D75CD3 /* Resources */,
				A894A68DEBA2E69AB481B6C1 /* [CP] Embed Pods Frameworks */,
			);
			buildRules = (
			);
			dependencies = (
				9A3293D0240FCF0400D75CD3 /* PBXTargetDependency */,
			);
			name = MyWeatherAppUITests;
			productName = MyWeatherAppUITests;
			productReference = 9A3293CE240FCF0400D75CD3 /* MyWeatherAppUITests.xctest */;
			productType = "com.apple.product-type.bundle.ui-testing";
		};
/* End PBXNativeTarget section */

/* Begin PBXProject section */
		9A3293A0240FCEE800D75CD3 /* Project object */ = {
			isa = PBXProject;
			attributes = {
				LastUpgradeCheck = 1130;
				ORGANIZATIONNAME = Proximie;
				TargetAttributes = {
					9A3293A7240FCEE900D75CD3 = {
						CreatedOnToolsVersion = 11.3.1;
					};
					9A3293C2240FCF0400D75CD3 = {
						CreatedOnToolsVersion = 11.3.1;
						TestTargetID = 9A3293A7240FCEE900D75CD3;
					};
					9A3293CD240FCF0400D75CD3 = {
						CreatedOnToolsVersion = 11.3.1;
						TestTargetID = 9A3293A7240FCEE900D75CD3;
					};
				};
			};
			buildConfigurationList = 9A3293A3240FCEE800D75CD3 /* Build configuration list for PBXProject "MyWeatherApp" */;
			compatibilityVersion = "Xcode 9.3";
			developmentRegion = en;
			hasScannedForEncodings = 0;
			knownRegions = (
				en,
				Base,
			);
			mainGroup = 9A32939F240FCEE800D75CD3;
			productRefGroup = 9A3293A9240FCEE900D75CD3 /* Products */;
			projectDirPath = "";
			projectRoot = "";
			targets = (
				9A3293A7240FCEE900D75CD3 /* MyWeatherApp */,
				9A3293C2240FCF0400D75CD3 /* MyWeatherAppTests */,
				9A3293CD240FCF0400D75CD3 /* MyWeatherAppUITests */,
			);
		};
/* End PBXProject section */

/* Begin PBXResourcesBuildPhase section */
		9A3293A6240FCEE900D75CD3 /* Resources */ = {
			isa = PBXResourcesBuildPhase;
			buildActionMask = 2147483647;
			files = (
				9A436A9924114B09001A8E08 /* AppIcon.appiconset in Resources */,
				9A3293BB240FCF0200D75CD3 /* LaunchScreen.storyboard in Resources */,
				9A3293B8240FCF0200D75CD3 /* Assets.xcassets in Resources */,
				9A3293B6240FCEEA00D75CD3 /* Main.storyboard in Resources */,
			);
			runOnlyForDeploymentPostprocessing = 0;
		};
		9A3293C1240FCF0400D75CD3 /* Resources */ = {
			isa = PBXResourcesBuildPhase;
			buildActionMask = 2147483647;
			files = (
			);
			runOnlyForDeploymentPostprocessing = 0;
		};
		9A3293CC240FCF0400D75CD3 /* Resources */ = {
			isa = PBXResourcesBuildPhase;
			buildActionMask = 2147483647;
			files = (
			);
			runOnlyForDeploymentPostprocessing = 0;
		};
/* End PBXResourcesBuildPhase section */

/* Begin PBXShellScriptBuildPhase section */
		10DA19C89E8426756C81964C /* [CP] Check Pods Manifest.lock */ = {
			isa = PBXShellScriptBuildPhase;
			buildActionMask = 2147483647;
			files = (
			);
			inputFileListPaths = (
			);
			inputPaths = (
				"${PODS_PODFILE_DIR_PATH}/Podfile.lock",
				"${PODS_ROOT}/Manifest.lock",
			);
			name = "[CP] Check Pods Manifest.lock";
			outputFileListPaths = (
			);
			outputPaths = (
				"$(DERIVED_FILE_DIR)/Pods-MyWeatherAppTests-checkManifestLockResult.txt",
			);
			runOnlyForDeploymentPostprocessing = 0;
			shellPath = /bin/sh;
			shellScript = "diff \"${PODS_PODFILE_DIR_PATH}/Podfile.lock\" \"${PODS_ROOT}/Manifest.lock\" > /dev/null\nif [ $? != 0 ] ; then\n    # print error to STDERR\n    echo \"error: The sandbox is not in sync with the Podfile.lock. Run 'pod install' or update your CocoaPods installation.\" >&2\n    exit 1\nfi\n# This output is used by Xcode 'outputs' to avoid re-running this script phase.\necho \"SUCCESS\" > \"${SCRIPT_OUTPUT_FILE_0}\"\n";
			showEnvVarsInLog = 0;
		};
		A894A68DEBA2E69AB481B6C1 /* [CP] Embed Pods Frameworks */ = {
			isa = PBXShellScriptBuildPhase;
			buildActionMask = 2147483647;
			files = (
			);
			inputFileListPaths = (
				"${PODS_ROOT}/Target Support Files/Pods-MyWeatherApp-MyWeatherAppUITests/Pods-MyWeatherApp-MyWeatherAppUITests-frameworks-${CONFIGURATION}-input-files.xcfilelist",
			);
			name = "[CP] Embed Pods Frameworks";
			outputFileListPaths = (
				"${PODS_ROOT}/Target Support Files/Pods-MyWeatherApp-MyWeatherAppUITests/Pods-MyWeatherApp-MyWeatherAppUITests-frameworks-${CONFIGURATION}-output-files.xcfilelist",
			);
			runOnlyForDeploymentPostprocessing = 0;
			shellPath = /bin/sh;
			shellScript = "\"${PODS_ROOT}/Target Support Files/Pods-MyWeatherApp-MyWeatherAppUITests/Pods-MyWeatherApp-MyWeatherAppUITests-frameworks.sh\"\n";
			showEnvVarsInLog = 0;
		};
		B992617A9C7939C614CD8A54 /* [CP] Check Pods Manifest.lock */ = {
			isa = PBXShellScriptBuildPhase;
			buildActionMask = 2147483647;
			files = (
			);
			inputFileListPaths = (
			);
			inputPaths = (
				"${PODS_PODFILE_DIR_PATH}/Podfile.lock",
				"${PODS_ROOT}/Manifest.lock",
			);
			name = "[CP] Check Pods Manifest.lock";
			outputFileListPaths = (
			);
			outputPaths = (
				"$(DERIVED_FILE_DIR)/Pods-MyWeatherApp-checkManifestLockResult.txt",
			);
			runOnlyForDeploymentPostprocessing = 0;
			shellPath = /bin/sh;
			shellScript = "diff \"${PODS_PODFILE_DIR_PATH}/Podfile.lock\" \"${PODS_ROOT}/Manifest.lock\" > /dev/null\nif [ $? != 0 ] ; then\n    # print error to STDERR\n    echo \"error: The sandbox is not in sync with the Podfile.lock. Run 'pod install' or update your CocoaPods installation.\" >&2\n    exit 1\nfi\n# This output is used by Xcode 'outputs' to avoid re-running this script phase.\necho \"SUCCESS\" > \"${SCRIPT_OUTPUT_FILE_0}\"\n";
			showEnvVarsInLog = 0;
		};
		EC2BC21B4E01E2F98D22436E /* [CP] Embed Pods Frameworks */ = {
			isa = PBXShellScriptBuildPhase;
			buildActionMask = 2147483647;
			files = (
			);
			inputFileListPaths = (
				"${PODS_ROOT}/Target Support Files/Pods-MyWeatherApp/Pods-MyWeatherApp-frameworks-${CONFIGURATION}-input-files.xcfilelist",
			);
			name = "[CP] Embed Pods Frameworks";
			outputFileListPaths = (
				"${PODS_ROOT}/Target Support Files/Pods-MyWeatherApp/Pods-MyWeatherApp-frameworks-${CONFIGURATION}-output-files.xcfilelist",
			);
			runOnlyForDeploymentPostprocessing = 0;
			shellPath = /bin/sh;
			shellScript = "\"${PODS_ROOT}/Target Support Files/Pods-MyWeatherApp/Pods-MyWeatherApp-frameworks.sh\"\n";
			showEnvVarsInLog = 0;
		};
		F250D724A3AB17C013B7B8D1 /* [CP] Check Pods Manifest.lock */ = {
			isa = PBXShellScriptBuildPhase;
			buildActionMask = 2147483647;
			files = (
			);
			inputFileListPaths = (
			);
			inputPaths = (
				"${PODS_PODFILE_DIR_PATH}/Podfile.lock",
				"${PODS_ROOT}/Manifest.lock",
			);
			name = "[CP] Check Pods Manifest.lock";
			outputFileListPaths = (
			);
			outputPaths = (
				"$(DERIVED_FILE_DIR)/Pods-MyWeatherApp-MyWeatherAppUITests-checkManifestLockResult.txt",
			);
			runOnlyForDeploymentPostprocessing = 0;
			shellPath = /bin/sh;
			shellScript = "diff \"${PODS_PODFILE_DIR_PATH}/Podfile.lock\" \"${PODS_ROOT}/Manifest.lock\" > /dev/null\nif [ $? != 0 ] ; then\n    # print error to STDERR\n    echo \"error: The sandbox is not in sync with the Podfile.lock. Run 'pod install' or update your CocoaPods installation.\" >&2\n    exit 1\nfi\n# This output is used by Xcode 'outputs' to avoid re-running this script phase.\necho \"SUCCESS\" > \"${SCRIPT_OUTPUT_FILE_0}\"\n";
			showEnvVarsInLog = 0;
		};
/* End PBXShellScriptBuildPhase section */

/* Begin PBXSourcesBuildPhase section */
		9A3293A4240FCEE900D75CD3 /* Sources */ = {
			isa = PBXSourcesBuildPhase;
			buildActionMask = 2147483647;
			files = (
				9A3293B3240FCEE900D75CD3 /* ViewController.m in Sources */,
				9A45B36624119A22007481E2 /* ForecastTableViewController.m in Sources */,
				C015FB782418247D00BE97CF /* CitiesUISearchViewController.m in Sources */,
				9A92AF122412818D008BE041 /* APIManager.m in Sources */,
				9A3293AD240FCEE900D75CD3 /* AppDelegate.m in Sources */,
				C015FB7524180EB900BE97CF /* SearchResultsTableViewController.m in Sources */,
				9A92AF1624129616008BE041 /* CurrentWeatherModel.m in Sources */,
				9A3293BE240FCF0200D75CD3 /* main.m in Sources */,
				9A3293B0240FCEE900D75CD3 /* SceneDelegate.m in Sources */,
			);
			runOnlyForDeploymentPostprocessing = 0;
		};
		9A3293BF240FCF0400D75CD3 /* Sources */ = {
			isa = PBXSourcesBuildPhase;
			buildActionMask = 2147483647;
			files = (
				9A3293C8240FCF0400D75CD3 /* MyWeatherAppTests.m in Sources */,
			);
			runOnlyForDeploymentPostprocessing = 0;
		};
		9A3293CA240FCF0400D75CD3 /* Sources */ = {
			isa = PBXSourcesBuildPhase;
			buildActionMask = 2147483647;
			files = (
				9A3293D3240FCF0400D75CD3 /* MyWeatherAppUITests.m in Sources */,
			);
			runOnlyForDeploymentPostprocessing = 0;
		};
/* End PBXSourcesBuildPhase section */

/* Begin PBXTargetDependency section */
		9A3293C5240FCF0400D75CD3 /* PBXTargetDependency */ = {
			isa = PBXTargetDependency;
			target = 9A3293A7240FCEE900D75CD3 /* MyWeatherApp */;
			targetProxy = 9A3293C4240FCF0400D75CD3 /* PBXContainerItemProxy */;
		};
		9A3293D0240FCF0400D75CD3 /* PBXTargetDependency */ = {
			isa = PBXTargetDependency;
			target = 9A3293A7240FCEE900D75CD3 /* MyWeatherApp */;
			targetProxy = 9A3293CF240FCF0400D75CD3 /* PBXContainerItemProxy */;
		};
/* End PBXTargetDependency section */

/* Begin PBXVariantGroup section */
		9A3293B4240FCEEA00D75CD3 /* Main.storyboard */ = {
			isa = PBXVariantGroup;
			children = (
				9A3293B5240FCEEA00D75CD3 /* Base */,
			);
			name = Main.storyboard;
			sourceTree = "<group>";
		};
		9A3293B9240FCF0200D75CD3 /* LaunchScreen.storyboard */ = {
			isa = PBXVariantGroup;
			children = (
				9A3293BA240FCF0200D75CD3 /* Base */,
			);
			name = LaunchScreen.storyboard;
			sourceTree = "<group>";
		};
/* End PBXVariantGroup section */

/* Begin XCBuildConfiguration section */
		9A3293D5240FCF0400D75CD3 /* Debug */ = {
			isa = XCBuildConfiguration;
			buildSettings = {
				ALWAYS_SEARCH_USER_PATHS = NO;
				CLANG_ANALYZER_NONNULL = YES;
				CLANG_ANALYZER_NUMBER_OBJECT_CONVERSION = YES_AGGRESSIVE;
				CLANG_CXX_LANGUAGE_STANDARD = "gnu++14";
				CLANG_CXX_LIBRARY = "libc++";
				CLANG_ENABLE_MODULES = YES;
				CLANG_ENABLE_OBJC_ARC = YES;
				CLANG_ENABLE_OBJC_WEAK = YES;
				CLANG_WARN_BLOCK_CAPTURE_AUTORELEASING = YES;
				CLANG_WARN_BOOL_CONVERSION = YES;
				CLANG_WARN_COMMA = YES;
				CLANG_WARN_CONSTANT_CONVERSION = YES;
				CLANG_WARN_DEPRECATED_OBJC_IMPLEMENTATIONS = YES;
				CLANG_WARN_DIRECT_OBJC_ISA_USAGE = YES_ERROR;
				CLANG_WARN_DOCUMENTATION_COMMENTS = YES;
				CLANG_WARN_EMPTY_BODY = YES;
				CLANG_WARN_ENUM_CONVERSION = YES;
				CLANG_WARN_INFINITE_RECURSION = YES;
				CLANG_WARN_INT_CONVERSION = YES;
				CLANG_WARN_NON_LITERAL_NULL_CONVERSION = YES;
				CLANG_WARN_OBJC_IMPLICIT_RETAIN_SELF = YES;
				CLANG_WARN_OBJC_LITERAL_CONVERSION = YES;
				CLANG_WARN_OBJC_ROOT_CLASS = YES_ERROR;
				CLANG_WARN_RANGE_LOOP_ANALYSIS = YES;
				CLANG_WARN_STRICT_PROTOTYPES = YES;
				CLANG_WARN_SUSPICIOUS_MOVE = YES;
				CLANG_WARN_UNGUARDED_AVAILABILITY = YES_AGGRESSIVE;
				CLANG_WARN_UNREACHABLE_CODE = YES;
				CLANG_WARN__DUPLICATE_METHOD_MATCH = YES;
				COPY_PHASE_STRIP = NO;
				DEBUG_INFORMATION_FORMAT = dwarf;
				ENABLE_STRICT_OBJC_MSGSEND = YES;
				ENABLE_TESTABILITY = YES;
				GCC_C_LANGUAGE_STANDARD = gnu11;
				GCC_DYNAMIC_NO_PIC = NO;
				GCC_NO_COMMON_BLOCKS = YES;
				GCC_OPTIMIZATION_LEVEL = 0;
				GCC_PREPROCESSOR_DEFINITIONS = (
					"DEBUG=1",
					"$(inherited)",
				);
				GCC_WARN_64_TO_32_BIT_CONVERSION = YES;
				GCC_WARN_ABOUT_RETURN_TYPE = YES_ERROR;
				GCC_WARN_UNDECLARED_SELECTOR = YES;
				GCC_WARN_UNINITIALIZED_AUTOS = YES_AGGRESSIVE;
				GCC_WARN_UNUSED_FUNCTION = YES;
				GCC_WARN_UNUSED_VARIABLE = YES;
				IPHONEOS_DEPLOYMENT_TARGET = 11.2;
				MTL_ENABLE_DEBUG_INFO = INCLUDE_SOURCE;
				MTL_FAST_MATH = YES;
				ONLY_ACTIVE_ARCH = YES;
				SDKROOT = iphoneos;
			};
			name = Debug;
		};
		9A3293D6240FCF0400D75CD3 /* Release */ = {
			isa = XCBuildConfiguration;
			buildSettings = {
				ALWAYS_SEARCH_USER_PATHS = NO;
				CLANG_ANALYZER_NONNULL = YES;
				CLANG_ANALYZER_NUMBER_OBJECT_CONVERSION = YES_AGGRESSIVE;
				CLANG_CXX_LANGUAGE_STANDARD = "gnu++14";
				CLANG_CXX_LIBRARY = "libc++";
				CLANG_ENABLE_MODULES = YES;
				CLANG_ENABLE_OBJC_ARC = YES;
				CLANG_ENABLE_OBJC_WEAK = YES;
				CLANG_WARN_BLOCK_CAPTURE_AUTORELEASING = YES;
				CLANG_WARN_BOOL_CONVERSION = YES;
				CLANG_WARN_COMMA = YES;
				CLANG_WARN_CONSTANT_CONVERSION = YES;
				CLANG_WARN_DEPRECATED_OBJC_IMPLEMENTATIONS = YES;
				CLANG_WARN_DIRECT_OBJC_ISA_USAGE = YES_ERROR;
				CLANG_WARN_DOCUMENTATION_COMMENTS = YES;
				CLANG_WARN_EMPTY_BODY = YES;
				CLANG_WARN_ENUM_CONVERSION = YES;
				CLANG_WARN_INFINITE_RECURSION = YES;
				CLANG_WARN_INT_CONVERSION = YES;
				CLANG_WARN_NON_LITERAL_NULL_CONVERSION = YES;
				CLANG_WARN_OBJC_IMPLICIT_RETAIN_SELF = YES;
				CLANG_WARN_OBJC_LITERAL_CONVERSION = YES;
				CLANG_WARN_OBJC_ROOT_CLASS = YES_ERROR;
				CLANG_WARN_RANGE_LOOP_ANALYSIS = YES;
				CLANG_WARN_STRICT_PROTOTYPES = YES;
				CLANG_WARN_SUSPICIOUS_MOVE = YES;
				CLANG_WARN_UNGUARDED_AVAILABILITY = YES_AGGRESSIVE;
				CLANG_WARN_UNREACHABLE_CODE = YES;
				CLANG_WARN__DUPLICATE_METHOD_MATCH = YES;
				COPY_PHASE_STRIP = NO;
				DEBUG_INFORMATION_FORMAT = "dwarf-with-dsym";
				ENABLE_NS_ASSERTIONS = NO;
				ENABLE_STRICT_OBJC_MSGSEND = YES;
				GCC_C_LANGUAGE_STANDARD = gnu11;
				GCC_NO_COMMON_BLOCKS = YES;
				GCC_WARN_64_TO_32_BIT_CONVERSION = YES;
				GCC_WARN_ABOUT_RETURN_TYPE = YES_ERROR;
				GCC_WARN_UNDECLARED_SELECTOR = YES;
				GCC_WARN_UNINITIALIZED_AUTOS = YES_AGGRESSIVE;
				GCC_WARN_UNUSED_FUNCTION = YES;
				GCC_WARN_UNUSED_VARIABLE = YES;
				IPHONEOS_DEPLOYMENT_TARGET = 11.2;
				MTL_ENABLE_DEBUG_INFO = NO;
				MTL_FAST_MATH = YES;
				SDKROOT = iphoneos;
				VALIDATE_PRODUCT = YES;
			};
			name = Release;
		};
		9A3293D8240FCF0400D75CD3 /* Debug */ = {
			isa = XCBuildConfiguration;
			baseConfigurationReference = 00D95C2E7D796AC2FDB0C5D2 /* Pods-MyWeatherApp.debug.xcconfig */;
			buildSettings = {
				ASSETCATALOG_COMPILER_APPICON_NAME = AppIcon;
				CODE_SIGN_STYLE = Automatic;
				DEVELOPMENT_TEAM = JL354XY7JL;
				INFOPLIST_FILE = MyWeatherApp/Info.plist;
				LD_RUNPATH_SEARCH_PATHS = (
					"$(inherited)",
					"@executable_path/Frameworks",
				);
				PRODUCT_BUNDLE_IDENTIFIER = prx.MyWeatherApp;
				PRODUCT_NAME = "$(TARGET_NAME)";
				TARGETED_DEVICE_FAMILY = 1;
			};
			name = Debug;
		};
		9A3293D9240FCF0400D75CD3 /* Release */ = {
			isa = XCBuildConfiguration;
			baseConfigurationReference = 8C2BC0A599744CE6A749C9F0 /* Pods-MyWeatherApp.release.xcconfig */;
			buildSettings = {
				ASSETCATALOG_COMPILER_APPICON_NAME = AppIcon;
				CODE_SIGN_STYLE = Automatic;
				DEVELOPMENT_TEAM = JL354XY7JL;
				INFOPLIST_FILE = MyWeatherApp/Info.plist;
				LD_RUNPATH_SEARCH_PATHS = (
					"$(inherited)",
					"@executable_path/Frameworks",
				);
				PRODUCT_BUNDLE_IDENTIFIER = prx.MyWeatherApp;
				PRODUCT_NAME = "$(TARGET_NAME)";
				TARGETED_DEVICE_FAMILY = 1;
			};
			name = Release;
		};
		9A3293DB240FCF0400D75CD3 /* Debug */ = {
			isa = XCBuildConfiguration;
			baseConfigurationReference = B717190E61B070CC68C7D8B2 /* Pods-MyWeatherAppTests.debug.xcconfig */;
			buildSettings = {
				BUNDLE_LOADER = "$(TEST_HOST)";
				CODE_SIGN_STYLE = Automatic;
				INFOPLIST_FILE = MyWeatherAppTests/Info.plist;
				IPHONEOS_DEPLOYMENT_TARGET = 13.2;
				LD_RUNPATH_SEARCH_PATHS = (
					"$(inherited)",
					"@executable_path/Frameworks",
					"@loader_path/Frameworks",
				);
				PRODUCT_BUNDLE_IDENTIFIER = prx.MyWeatherAppTests;
				PRODUCT_NAME = "$(TARGET_NAME)";
				TARGETED_DEVICE_FAMILY = "1,2";
				TEST_HOST = "$(BUILT_PRODUCTS_DIR)/MyWeatherApp.app/MyWeatherApp";
			};
			name = Debug;
		};
		9A3293DC240FCF0400D75CD3 /* Release */ = {
			isa = XCBuildConfiguration;
			baseConfigurationReference = 2FC8F3B477C2EF03F832BD54 /* Pods-MyWeatherAppTests.release.xcconfig */;
			buildSettings = {
				BUNDLE_LOADER = "$(TEST_HOST)";
				CODE_SIGN_STYLE = Automatic;
				INFOPLIST_FILE = MyWeatherAppTests/Info.plist;
				IPHONEOS_DEPLOYMENT_TARGET = 13.2;
				LD_RUNPATH_SEARCH_PATHS = (
					"$(inherited)",
					"@executable_path/Frameworks",
					"@loader_path/Frameworks",
				);
				PRODUCT_BUNDLE_IDENTIFIER = prx.MyWeatherAppTests;
				PRODUCT_NAME = "$(TARGET_NAME)";
				TARGETED_DEVICE_FAMILY = "1,2";
				TEST_HOST = "$(BUILT_PRODUCTS_DIR)/MyWeatherApp.app/MyWeatherApp";
			};
			name = Release;
		};
		9A3293DE240FCF0400D75CD3 /* Debug */ = {
			isa = XCBuildConfiguration;
			baseConfigurationReference = 5FD7B8DB9C031A5D76A35623 /* Pods-MyWeatherApp-MyWeatherAppUITests.debug.xcconfig */;
			buildSettings = {
				CODE_SIGN_STYLE = Automatic;
				INFOPLIST_FILE = MyWeatherAppUITests/Info.plist;
				LD_RUNPATH_SEARCH_PATHS = (
					"$(inherited)",
					"@executable_path/Frameworks",
					"@loader_path/Frameworks",
				);
				PRODUCT_BUNDLE_IDENTIFIER = prx.MyWeatherAppUITests;
				PRODUCT_NAME = "$(TARGET_NAME)";
				TARGETED_DEVICE_FAMILY = "1,2";
				TEST_TARGET_NAME = MyWeatherApp;
			};
			name = Debug;
		};
		9A3293DF240FCF0400D75CD3 /* Release */ = {
			isa = XCBuildConfiguration;
			baseConfigurationReference = 12680DFE507C226F88A1A120 /* Pods-MyWeatherApp-MyWeatherAppUITests.release.xcconfig */;
			buildSettings = {
				CODE_SIGN_STYLE = Automatic;
				INFOPLIST_FILE = MyWeatherAppUITests/Info.plist;
				LD_RUNPATH_SEARCH_PATHS = (
					"$(inherited)",
					"@executable_path/Frameworks",
					"@loader_path/Frameworks",
				);
				PRODUCT_BUNDLE_IDENTIFIER = prx.MyWeatherAppUITests;
				PRODUCT_NAME = "$(TARGET_NAME)";
				TARGETED_DEVICE_FAMILY = "1,2";
				TEST_TARGET_NAME = MyWeatherApp;
			};
			name = Release;
		};
/* End XCBuildConfiguration section */

/* Begin XCConfigurationList section */
		9A3293A3240FCEE800D75CD3 /* Build configuration list for PBXProject "MyWeatherApp" */ = {
			isa = XCConfigurationList;
			buildConfigurations = (
				9A3293D5240FCF0400D75CD3 /* Debug */,
				9A3293D6240FCF0400D75CD3 /* Release */,
			);
			defaultConfigurationIsVisible = 0;
			defaultConfigurationName = Release;
		};
		9A3293D7240FCF0400D75CD3 /* Build configuration list for PBXNativeTarget "MyWeatherApp" */ = {
			isa = XCConfigurationList;
			buildConfigurations = (
				9A3293D8240FCF0400D75CD3 /* Debug */,
				9A3293D9240FCF0400D75CD3 /* Release */,
			);
			defaultConfigurationIsVisible = 0;
			defaultConfigurationName = Release;
		};
		9A3293DA240FCF0400D75CD3 /* Build configuration list for PBXNativeTarget "MyWeatherAppTests" */ = {
			isa = XCConfigurationList;
			buildConfigurations = (
				9A3293DB240FCF0400D75CD3 /* Debug */,
				9A3293DC240FCF0400D75CD3 /* Release */,
			);
			defaultConfigurationIsVisible = 0;
			defaultConfigurationName = Release;
		};
		9A3293DD240FCF0400D75CD3 /* Build configuration list for PBXNativeTarget "MyWeatherAppUITests" */ = {
			isa = XCConfigurationList;
			buildConfigurations = (
				9A3293DE240FCF0400D75CD3 /* Debug */,
				9A3293DF240FCF0400D75CD3 /* Release */,
			);
			defaultConfigurationIsVisible = 0;
			defaultConfigurationName = Release;
		};
/* End XCConfigurationList section */
	};
	rootObject = 9A3293A0240FCEE800D75CD3 /* Project object */;
}
